// !$*UTF8*$!
{
	archiveVersion = 1;
	classes = {
	};
	objectVersion = 77;
	objects = {

/* Begin PBXBuildFile section */
		50A98F192F4B5A86000E3581 /* FlowculatorUnitTests.xctestplan in Resources */ = {isa = PBXBuildFile; fileRef = 50A98F182F4B5A86000E3581 /* FlowculatorUnitTests.xctestplan */; };
		50F04A772F4850BD005F4A71 /* SnapKit in Frameworks */ = {isa = PBXBuildFile; productRef = 50F04A762F4850BD005F4A71 /* SnapKit */; };
/* End PBXBuildFile section */

/* Begin PBXContainerItemProxy section */
		50F04A552F484F8D005F4A71 /* PBXContainerItemProxy */ = {
			isa = PBXContainerItemProxy;
			containerPortal = 50F04A362F484F89005F4A71 /* Project object */;
			proxyType = 1;
			remoteGlobalIDString = 50F04A3D2F484F89005F4A71;
			remoteInfo = Flowculator;
		};
		50F04A5F2F484F8D005F4A71 /* PBXContainerItemProxy */ = {
			isa = PBXContainerItemProxy;
			containerPortal = 50F04A362F484F89005F4A71 /* Project object */;
			proxyType = 1;
			remoteGlobalIDString = 50F04A3D2F484F89005F4A71;
			remoteInfo = Flowculator;
		};
/* End PBXContainerItemProxy section */

/* Begin PBXFileReference section */
		50A98F182F4B5A86000E3581 /* FlowculatorUnitTests.xctestplan */ = {isa = PBXFileReference; lastKnownFileType = text; path = FlowculatorUnitTests.xctestplan; sourceTree = "<group>"; };
		50F04A3E2F484F89005F4A71 /* Flowculator.app */ = {isa = PBXFileReference; explicitFileType = wrapper.application; includeInIndex = 0; path = Flowculator.app; sourceTree = BUILT_PRODUCTS_DIR; };
		50F04A542F484F8D005F4A71 /* FlowculatorTests.xctest */ = {isa = PBXFileReference; explicitFileType = wrapper.cfbundle; includeInIndex = 0; path = FlowculatorTests.xctest; sourceTree = BUILT_PRODUCTS_DIR; };
		50F04A5E2F484F8D005F4A71 /* FlowculatorUITests.xctest */ = {isa = PBXFileReference; explicitFileType = wrapper.cfbundle; includeInIndex = 0; path = FlowculatorUITests.xctest; sourceTree = BUILT_PRODUCTS_DIR; };
/* End PBXFileReference section */

/* Begin PBXFileSystemSynchronizedBuildFileExceptionSet section */
		50F04A662F484F8D005F4A71 /* Exceptions for "Flowculator" folder in "Flowculator" target */ = {
			isa = PBXFileSystemSynchronizedBuildFileExceptionSet;
			membershipExceptions = (
				Info.plist,
			);
			target = 50F04A3D2F484F89005F4A71 /* Flowculator */;
		};
/* End PBXFileSystemSynchronizedBuildFileExceptionSet section */

/* Begin PBXFileSystemSynchronizedRootGroup section */
		50F04A402F484F89005F4A71 /* Flowculator */ = {
			isa = PBXFileSystemSynchronizedRootGroup;
			exceptions = (
				50F04A662F484F8D005F4A71 /* Exceptions for "Flowculator" folder in "Flowculator" target */,
			);
			path = Flowculator;
			sourceTree = "<group>";
		};
		50F04A572F484F8D005F4A71 /* FlowculatorTests */ = {
			isa = PBXFileSystemSynchronizedRootGroup;
			path = FlowculatorTests;
			sourceTree = "<group>";
		};
		50F04A612F484F8D005F4A71 /* FlowculatorUITests */ = {
			isa = PBXFileSystemSynchronizedRootGroup;
			path = FlowculatorUITests;
			sourceTree = "<group>";
		};
/* End PBXFileSystemSynchronizedRootGroup section */

/* Begin PBXFrameworksBuildPhase section */
		50F04A3B2F484F89005F4A71 /* Frameworks */ = {
			isa = PBXFrameworksBuildPhase;
			buildActionMask = 2147483647;
			files = (
				50F04A772F4850BD005F4A71 /* SnapKit in Frameworks */,
			);
			runOnlyForDeploymentPostprocessing = 0;
		};
		50F04A512F484F8D005F4A71 /* Frameworks */ = {
			isa = PBXFrameworksBuildPhase;
			buildActionMask = 2147483647;
			files = (
			);
			runOnlyForDeploymentPostprocessing = 0;
		};
		50F04A5B2F484F8D005F4A71 /* Frameworks */ = {
			isa = PBXFrameworksBuildPhase;
			buildActionMask = 2147483647;
			files = (
			);
			runOnlyForDeploymentPostprocessing = 0;
		};
/* End PBXFrameworksBuildPhase section */

/* Begin PBXGroup section */
		50F04A352F484F89005F4A71 = {
			isa = PBXGroup;
			children = (
				50A98F182F4B5A86000E3581 /* FlowculatorUnitTests.xctestplan */,
				50F04A402F484F89005F4A71 /* Flowculator */,
				50F04A572F484F8D005F4A71 /* FlowculatorTests */,
				50F04A612F484F8D005F4A71 /* FlowculatorUITests */,
				50F04A3F2F484F89005F4A71 /* Products */,
			);
			sourceTree = "<group>";
		};
		50F04A3F2F484F89005F4A71 /* Products */ = {
			isa = PBXGroup;
			children = (
				50F04A3E2F484F89005F4A71 /* Flowculator.app */,
				50F04A542F484F8D005F4A71 /* FlowculatorTests.xctest */,
				50F04A5E2F484F8D005F4A71 /* FlowculatorUITests.xctest */,
			);
			name = Products;
			sourceTree = "<group>";
		};
/* End PBXGroup section */

/* Begin PBXNativeTarget section */
		50F04A3D2F484F89005F4A71 /* Flowculator */ = {
			isa = PBXNativeTarget;
			buildConfigurationList = 50F04A672F484F8D005F4A71 /* Build configuration list for PBXNativeTarget "Flowculator" */;
			buildPhases = (
				50F04A3A2F484F89005F4A71 /* Sources */,
				50F04A3B2F484F89005F4A71 /* Frameworks */,
				50F04A3C2F484F89005F4A71 /* Resources */,
			);
			buildRules = (
			);
			dependencies = (
				5043B48F2F4880990083416F /* PBXTargetDependency */,
			);
			fileSystemSynchronizedGroups = (
				50F04A402F484F89005F4A71 /* Flowculator */,
			);
			name = Flowculator;
			packageProductDependencies = (
				50F04A762F4850BD005F4A71 /* SnapKit */,
			);
			productName = Flowculator;
			productReference = 50F04A3E2F484F89005F4A71 /* Flowculator.app */;
			productType = "com.apple.product-type.application";
		};
		50F04A532F484F8D005F4A71 /* FlowculatorTests */ = {
			isa = PBXNativeTarget;
			buildConfigurationList = 50F04A6C2F484F8D005F4A71 /* Build configuration list for PBXNativeTarget "FlowculatorTests" */;
			buildPhases = (
				50F04A502F484F8D005F4A71 /* Sources */,
				50F04A512F484F8D005F4A71 /* Frameworks */,
				50F04A522F484F8D005F4A71 /* Resources */,
			);
			buildRules = (
			);
			dependencies = (
				50F04A562F484F8D005F4A71 /* PBXTargetDependency */,
			);
			fileSystemSynchronizedGroups = (
				50F04A572F484F8D005F4A71 /* FlowculatorTests */,
			);
			name = FlowculatorTests;
			packageProductDependencies = (
			);
			productName = FlowculatorTests;
			productReference = 50F04A542F484F8D005F4A71 /* FlowculatorTests.xctest */;
			productType = "com.apple.product-type.bundle.unit-test";
		};
		50F04A5D2F484F8D005F4A71 /* FlowculatorUITests */ = {
			isa = PBXNativeTarget;
			buildConfigurationList = 50F04A6F2F484F8D005F4A71 /* Build configuration list for PBXNativeTarget "FlowculatorUITests" */;
			buildPhases = (
				50F04A5A2F484F8D005F4A71 /* Sources */,
				50F04A5B2F484F8D005F4A71 /* Frameworks */,
				50F04A5C2F484F8D005F4A71 /* Resources */,
			);
			buildRules = (
			);
			dependencies = (
				50F04A602F484F8D005F4A71 /* PBXTargetDependency */,
			);
			fileSystemSynchronizedGroups = (
				50F04A612F484F8D005F4A71 /* FlowculatorUITests */,
			);
			name = FlowculatorUITests;
			packageProductDependencies = (
			);
			productName = FlowculatorUITests;
			productReference = 50F04A5E2F484F8D005F4A71 /* FlowculatorUITests.xctest */;
			productType = "com.apple.product-type.bundle.ui-testing";
		};
/* End PBXNativeTarget section */

/* Begin PBXProject section */
		50F04A362F484F89005F4A71 /* Project object */ = {
			isa = PBXProject;
			attributes = {
				BuildIndependentTargetsInParallel = 1;
				LastSwiftUpdateCheck = 2630;
				LastUpgradeCheck = 2630;
				TargetAttributes = {
					50F04A3D2F484F89005F4A71 = {
						CreatedOnToolsVersion = 26.3;
					};
					50F04A532F484F8D005F4A71 = {
						CreatedOnToolsVersion = 26.3;
						TestTargetID = 50F04A3D2F484F89005F4A71;
					};
					50F04A5D2F484F8D005F4A71 = {
						CreatedOnToolsVersion = 26.3;
						TestTargetID = 50F04A3D2F484F89005F4A71;
					};
				};
			};
			buildConfigurationList = 50F04A392F484F89005F4A71 /* Build configuration list for PBXProject "Flowculator" */;
			developmentRegion = en;
			hasScannedForEncodings = 0;
			knownRegions = (
				en,
				Base,
				de,
			);
			mainGroup = 50F04A352F484F89005F4A71;
			minimizedProjectReferenceProxies = 1;
			packageReferences = (
				50F04A752F4850BD005F4A71 /* XCRemoteSwiftPackageReference "SnapKit" */,
				5043B48D2F4880820083416F /* XCRemoteSwiftPackageReference "SwiftLintPlugin" */,
			);
			preferredProjectObjectVersion = 77;
			productRefGroup = 50F04A3F2F484F89005F4A71 /* Products */;
			projectDirPath = "";
			projectRoot = "";
			targets = (
				50F04A3D2F484F89005F4A71 /* Flowculator */,
				50F04A532F484F8D005F4A71 /* FlowculatorTests */,
				50F04A5D2F484F8D005F4A71 /* FlowculatorUITests */,
			);
		};
/* End PBXProject section */

/* Begin PBXResourcesBuildPhase section */
		50F04A3C2F484F89005F4A71 /* Resources */ = {
			isa = PBXResourcesBuildPhase;
			buildActionMask = 2147483647;
			files = (
				50A98F192F4B5A86000E3581 /* FlowculatorUnitTests.xctestplan in Resources */,
			);
			runOnlyForDeploymentPostprocessing = 0;
		};
		50F04A522F484F8D005F4A71 /* Resources */ = {
			isa = PBXResourcesBuildPhase;
			buildActionMask = 2147483647;
			files = (
			);
			runOnlyForDeploymentPostprocessing = 0;
		};
		50F04A5C2F484F8D005F4A71 /* Resources */ = {
			isa = PBXResourcesBuildPhase;
			buildActionMask = 2147483647;
			files = (
			);
			runOnlyForDeploymentPostprocessing = 0;
		};
/* End PBXResourcesBuildPhase section */

/* Begin PBXSourcesBuildPhase section */
		50F04A3A2F484F89005F4A71 /* Sources */ = {
			isa = PBXSourcesBuildPhase;
			buildActionMask = 2147483647;
			files = (
			);
			runOnlyForDeploymentPostprocessing = 0;
		};
		50F04A502F484F8D005F4A71 /* Sources */ = {
			isa = PBXSourcesBuildPhase;
			buildActionMask = 2147483647;
			files = (
			);
			runOnlyForDeploymentPostprocessing = 0;
		};
		50F04A5A2F484F8D005F4A71 /* Sources */ = {
			isa = PBXSourcesBuildPhase;
			buildActionMask = 2147483647;
			files = (
			);
			runOnlyForDeploymentPostprocessing = 0;
		};
/* End PBXSourcesBuildPhase section */

/* Begin PBXTargetDependency section */
		5043B48F2F4880990083416F /* PBXTargetDependency */ = {
			isa = PBXTargetDependency;
			productRef = 5043B48E2F4880990083416F /* SwiftLint */;
		};
		50F04A562F484F8D005F4A71 /* PBXTargetDependency */ = {
			isa = PBXTargetDependency;
			target = 50F04A3D2F484F89005F4A71 /* Flowculator */;
			targetProxy = 50F04A552F484F8D005F4A71 /* PBXContainerItemProxy */;
		};
		50F04A602F484F8D005F4A71 /* PBXTargetDependency */ = {
			isa = PBXTargetDependency;
			target = 50F04A3D2F484F89005F4A71 /* Flowculator */;
			targetProxy = 50F04A5F2F484F8D005F4A71 /* PBXContainerItemProxy */;
		};
/* End PBXTargetDependency section */

/* Begin XCBuildConfiguration section */
		50F04A682F484F8D005F4A71 /* Debug */ = {
			isa = XCBuildConfiguration;
			buildSettings = {
				ASSETCATALOG_COMPILER_APPICON_NAME = AppIcon;
				ASSETCATALOG_COMPILER_GLOBAL_ACCENT_COLOR_NAME = AccentColor;
				CODE_SIGN_STYLE = Automatic;
				CURRENT_PROJECT_VERSION = 1;
				DEVELOPMENT_TEAM = JGYRKNN2X5;
				GENERATE_INFOPLIST_FILE = YES;
				INFOPLIST_FILE = Flowculator/Info.plist;
				INFOPLIST_KEY_UIApplicationSupportsIndirectInputEvents = YES;
				INFOPLIST_KEY_UILaunchStoryboardName = LaunchScreen;
				INFOPLIST_KEY_UISupportedInterfaceOrientations_iPad = "UIInterfaceOrientationPortrait UIInterfaceOrientationPortraitUpsideDown UIInterfaceOrientationLandscapeLeft UIInterfaceOrientationLandscapeRight";
				INFOPLIST_KEY_UISupportedInterfaceOrientations_iPhone = "UIInterfaceOrientationPortrait UIInterfaceOrientationLandscapeLeft UIInterfaceOrientationLandscapeRight";
				LD_RUNPATH_SEARCH_PATHS = (
					"$(inherited)",
					"@executable_path/Frameworks",
				);
				MARKETING_VERSION = 1.0;
				PRODUCT_BUNDLE_IDENTIFIER = com.xaverlutz.Flowculator;
				PRODUCT_NAME = "$(TARGET_NAME)";
				STRING_CATALOG_GENERATE_SYMBOLS = YES;
				SWIFT_APPROACHABLE_CONCURRENCY = YES;
				SWIFT_DEFAULT_ACTOR_ISOLATION = MainActor;
				SWIFT_EMIT_LOC_STRINGS = YES;
				SWIFT_UPCOMING_FEATURE_MEMBER_IMPORT_VISIBILITY = YES;
				SWIFT_VERSION = 5.0;
				TARGETED_DEVICE_FAMILY = "1,2";
			};
			name = Debug;
		};
		50F04A692F484F8D005F4A71 /* Release */ = {
			isa = XCBuildConfiguration;
			buildSettings = {
				ASSETCATALOG_COMPILER_APPICON_NAME = AppIcon;
				ASSETCATALOG_COMPILER_GLOBAL_ACCENT_COLOR_NAME = AccentColor;
				CODE_SIGN_STYLE = Automatic;
				CURRENT_PROJECT_VERSION = 1;
				DEVELOPMENT_TEAM = JGYRKNN2X5;
				GENERATE_INFOPLIST_FILE = YES;
				INFOPLIST_FILE = Flowculator/Info.plist;
				INFOPLIST_KEY_UIApplicationSupportsIndirectInputEvents = YES;
				INFOPLIST_KEY_UILaunchStoryboardName = LaunchScreen;
				INFOPLIST_KEY_UISupportedInterfaceOrientations_iPad = "UIInterfaceOrientationPortrait UIInterfaceOrientationPortraitUpsideDown UIInterfaceOrientationLandscapeLeft UIInterfaceOrientationLandscapeRight";
				INFOPLIST_KEY_UISupportedInterfaceOrientations_iPhone = "UIInterfaceOrientationPortrait UIInterfaceOrientationLandscapeLeft UIInterfaceOrientationLandscapeRight";
				LD_RUNPATH_SEARCH_PATHS = (
					"$(inherited)",
					"@executable_path/Frameworks",
				);
				MARKETING_VERSION = 1.0;
				PRODUCT_BUNDLE_IDENTIFIER = com.xaverlutz.Flowculator;
				PRODUCT_NAME = "$(TARGET_NAME)";
				STRING_CATALOG_GENERATE_SYMBOLS = YES;
				SWIFT_APPROACHABLE_CONCURRENCY = YES;
				SWIFT_DEFAULT_ACTOR_ISOLATION = MainActor;
				SWIFT_EMIT_LOC_STRINGS = YES;
				SWIFT_UPCOMING_FEATURE_MEMBER_IMPORT_VISIBILITY = YES;
				SWIFT_VERSION = 5.0;
				TARGETED_DEVICE_FAMILY = "1,2";
			};
			name = Release;
		};
		50F04A6A2F484F8D005F4A71 /* Debug */ = {
			isa = XCBuildConfiguration;
			buildSettings = {
				ALWAYS_SEARCH_USER_PATHS = NO;
				ASSETCATALOG_COMPILER_GENERATE_SWIFT_ASSET_SYMBOL_EXTENSIONS = YES;
				CLANG_ANALYZER_LOCALIZABILITY_NONLOCALIZED = YES;
				CLANG_ANALYZER_NONNULL = YES;
				CLANG_ANALYZER_NUMBER_OBJECT_CONVERSION = YES_AGGRESSIVE;
				CLANG_CXX_LANGUAGE_STANDARD = "gnu++20";
				CLANG_ENABLE_MODULES = YES;
				CLANG_ENABLE_OBJC_ARC = YES;
				CLANG_ENABLE_OBJC_WEAK = YES;
				CLANG_WARN_BLOCK_CAPTURE_AUTORELEASING = YES;
				CLANG_WARN_BOOL_CONVERSION = YES;
				CLANG_WARN_COMMA = YES;
				CLANG_WARN_CONSTANT_CONVERSION = YES;
				CLANG_WARN_DEPRECATED_OBJC_IMPLEMENTATIONS = YES;
				CLANG_WARN_DIRECT_OBJC_ISA_USAGE = YES_ERROR;
				CLANG_WARN_DOCUMENTATION_COMMENTS = YES;
				CLANG_WARN_EMPTY_BODY = YES;
				CLANG_WARN_ENUM_CONVERSION = YES;
				CLANG_WARN_INFINITE_RECURSION = YES;
				CLANG_WARN_INT_CONVERSION = YES;
				CLANG_WARN_NON_LITERAL_NULL_CONVERSION = YES;
				CLANG_WARN_OBJC_IMPLICIT_RETAIN_SELF = YES;
				CLANG_WARN_OBJC_LITERAL_CONVERSION = YES;
				CLANG_WARN_OBJC_ROOT_CLASS = YES_ERROR;
				CLANG_WARN_QUOTED_INCLUDE_IN_FRAMEWORK_HEADER = YES;
				CLANG_WARN_RANGE_LOOP_ANALYSIS = YES;
				CLANG_WARN_STRICT_PROTOTYPES = YES;
				CLANG_WARN_SUSPICIOUS_MOVE = YES;
				CLANG_WARN_UNGUARDED_AVAILABILITY = YES_AGGRESSIVE;
				CLANG_WARN_UNREACHABLE_CODE = YES;
				CLANG_WARN__DUPLICATE_METHOD_MATCH = YES;
				COPY_PHASE_STRIP = NO;
				DEBUG_INFORMATION_FORMAT = dwarf;
				DEVELOPMENT_TEAM = JGYRKNN2X5;
				ENABLE_STRICT_OBJC_MSGSEND = YES;
				ENABLE_TESTABILITY = YES;
				ENABLE_USER_SCRIPT_SANDBOXING = YES;
				GCC_C_LANGUAGE_STANDARD = gnu17;
				GCC_DYNAMIC_NO_PIC = NO;
				GCC_NO_COMMON_BLOCKS = YES;
				GCC_OPTIMIZATION_LEVEL = 0;
				GCC_PREPROCESSOR_DEFINITIONS = (
					"DEBUG=1",
					"$(inherited)",
				);
				GCC_WARN_64_TO_32_BIT_CONVERSION = YES;
				GCC_WARN_ABOUT_RETURN_TYPE = YES_ERROR;
				GCC_WARN_UNDECLARED_SELECTOR = YES;
				GCC_WARN_UNINITIALIZED_AUTOS = YES_AGGRESSIVE;
				GCC_WARN_UNUSED_FUNCTION = YES;
				GCC_WARN_UNUSED_VARIABLE = YES;
				IPHONEOS_DEPLOYMENT_TARGET = 26.2;
				LOCALIZATION_PREFERS_STRING_CATALOGS = YES;
				MTL_ENABLE_DEBUG_INFO = INCLUDE_SOURCE;
				MTL_FAST_MATH = YES;
				ONLY_ACTIVE_ARCH = YES;
				SDKROOT = iphoneos;
				SWIFT_ACTIVE_COMPILATION_CONDITIONS = "DEBUG $(inherited)";
				SWIFT_EMIT_LOC_STRINGS = YES;
				SWIFT_OPTIMIZATION_LEVEL = "-Onone";
			};
			name = Debug;
		};
		50F04A6B2F484F8D005F4A71 /* Release */ = {
			isa = XCBuildConfiguration;
			buildSettings = {
				ALWAYS_SEARCH_USER_PATHS = NO;
				ASSETCATALOG_COMPILER_GENERATE_SWIFT_ASSET_SYMBOL_EXTENSIONS = YES;
				CLANG_ANALYZER_LOCALIZABILITY_NONLOCALIZED = YES;
				CLANG_ANALYZER_NONNULL = YES;
				CLANG_ANALYZER_NUMBER_OBJECT_CONVERSION = YES_AGGRESSIVE;
				CLANG_CXX_LANGUAGE_STANDARD = "gnu++20";
				CLANG_ENABLE_MODULES = YES;
				CLANG_ENABLE_OBJC_ARC = YES;
				CLANG_ENABLE_OBJC_WEAK = YES;
				CLANG_WARN_BLOCK_CAPTURE_AUTORELEASING = YES;
				CLANG_WARN_BOOL_CONVERSION = YES;
				CLANG_WARN_COMMA = YES;
				CLANG_WARN_CONSTANT_CONVERSION = YES;
				CLANG_WARN_DEPRECATED_OBJC_IMPLEMENTATIONS = YES;
				CLANG_WARN_DIRECT_OBJC_ISA_USAGE = YES_ERROR;
				CLANG_WARN_DOCUMENTATION_COMMENTS = YES;
				CLANG_WARN_EMPTY_BODY = YES;
				CLANG_WARN_ENUM_CONVERSION = YES;
				CLANG_WARN_INFINITE_RECURSION = YES;
				CLANG_WARN_INT_CONVERSION = YES;
				CLANG_WARN_NON_LITERAL_NULL_CONVERSION = YES;
				CLANG_WARN_OBJC_IMPLICIT_RETAIN_SELF = YES;
				CLANG_WARN_OBJC_LITERAL_CONVERSION = YES;
				CLANG_WARN_OBJC_ROOT_CLASS = YES_ERROR;
				CLANG_WARN_QUOTED_INCLUDE_IN_FRAMEWORK_HEADER = YES;
				CLANG_WARN_RANGE_LOOP_ANALYSIS = YES;
				CLANG_WARN_STRICT_PROTOTYPES = YES;
				CLANG_WARN_SUSPICIOUS_MOVE = YES;
				CLANG_WARN_UNGUARDED_AVAILABILITY = YES_AGGRESSIVE;
				CLANG_WARN_UNREACHABLE_CODE = YES;
				CLANG_WARN__DUPLICATE_METHOD_MATCH = YES;
				COPY_PHASE_STRIP = NO;
				DEBUG_INFORMATION_FORMAT = "dwarf-with-dsym";
				DEVELOPMENT_TEAM = JGYRKNN2X5;
				ENABLE_NS_ASSERTIONS = NO;
				ENABLE_STRICT_OBJC_MSGSEND = YES;
				ENABLE_USER_SCRIPT_SANDBOXING = YES;
				GCC_C_LANGUAGE_STANDARD = gnu17;
				GCC_NO_COMMON_BLOCKS = YES;
				GCC_WARN_64_TO_32_BIT_CONVERSION = YES;
				GCC_WARN_ABOUT_RETURN_TYPE = YES_ERROR;
				GCC_WARN_UNDECLARED_SELECTOR = YES;
				GCC_WARN_UNINITIALIZED_AUTOS = YES_AGGRESSIVE;
				GCC_WARN_UNUSED_FUNCTION = YES;
				GCC_WARN_UNUSED_VARIABLE = YES;
				IPHONEOS_DEPLOYMENT_TARGET = 26.2;
				LOCALIZATION_PREFERS_STRING_CATALOGS = YES;
				MTL_ENABLE_DEBUG_INFO = NO;
				MTL_FAST_MATH = YES;
				SDKROOT = iphoneos;
				SWIFT_COMPILATION_MODE = wholemodule;
				SWIFT_EMIT_LOC_STRINGS = YES;
				VALIDATE_PRODUCT = YES;
			};
			name = Release;
		};
		50F04A6D2F484F8D005F4A71 /* Debug */ = {
			isa = XCBuildConfiguration;
			buildSettings = {
				BUNDLE_LOADER = "$(TEST_HOST)";
				CODE_SIGN_STYLE = Automatic;
				CURRENT_PROJECT_VERSION = 1;
				DEVELOPMENT_TEAM = JGYRKNN2X5;
				GENERATE_INFOPLIST_FILE = YES;
				IPHONEOS_DEPLOYMENT_TARGET = 26.2;
				MARKETING_VERSION = 1.0;
				PRODUCT_BUNDLE_IDENTIFIER = com.xaverlutz.FlowculatorTests;
				PRODUCT_NAME = "$(TARGET_NAME)";
				STRING_CATALOG_GENERATE_SYMBOLS = NO;
				SWIFT_APPROACHABLE_CONCURRENCY = YES;
				SWIFT_EMIT_LOC_STRINGS = NO;
				SWIFT_UPCOMING_FEATURE_MEMBER_IMPORT_VISIBILITY = YES;
				SWIFT_VERSION = 5.0;
				TARGETED_DEVICE_FAMILY = "1,2";
				TEST_HOST = "$(BUILT_PRODUCTS_DIR)/Flowculator.app/$(BUNDLE_EXECUTABLE_FOLDER_PATH)/Flowculator";
			};
			name = Debug;
		};
		50F04A6E2F484F8D005F4A71 /* Release */ = {
			isa = XCBuildConfiguration;
			buildSettings = {
				BUNDLE_LOADER = "$(TEST_HOST)";
				CODE_SIGN_STYLE = Automatic;
				CURRENT_PROJECT_VERSION = 1;
				DEVELOPMENT_TEAM = JGYRKNN2X5;
				GENERATE_INFOPLIST_FILE = YES;
				IPHONEOS_DEPLOYMENT_TARGET = 26.2;
				MARKETING_VERSION = 1.0;
				PRODUCT_BUNDLE_IDENTIFIER = com.xaverlutz.FlowculatorTests;
				PRODUCT_NAME = "$(TARGET_NAME)";
				STRING_CATALOG_GENERATE_SYMBOLS = NO;
				SWIFT_APPROACHABLE_CONCURRENCY = YES;
				SWIFT_EMIT_LOC_STRINGS = NO;
				SWIFT_UPCOMING_FEATURE_MEMBER_IMPORT_VISIBILITY = YES;
				SWIFT_VERSION = 5.0;
				TARGETED_DEVICE_FAMILY = "1,2";
				TEST_HOST = "$(BUILT_PRODUCTS_DIR)/Flowculator.app/$(BUNDLE_EXECUTABLE_FOLDER_PATH)/Flowculator";
			};
			name = Release;
		};
		50F04A702F484F8D005F4A71 /* Debug */ = {
			isa = XCBuildConfiguration;
			buildSettings = {
				CODE_SIGN_STYLE = Automatic;
				CURRENT_PROJECT_VERSION = 1;
				DEVELOPMENT_TEAM = JGYRKNN2X5;
				GENERATE_INFOPLIST_FILE = YES;
				MARKETING_VERSION = 1.0;
				PRODUCT_BUNDLE_IDENTIFIER = com.xaverlutz.FlowculatorUITests;
				PRODUCT_NAME = "$(TARGET_NAME)";
				STRING_CATALOG_GENERATE_SYMBOLS = NO;
				SWIFT_APPROACHABLE_CONCURRENCY = YES;
				SWIFT_EMIT_LOC_STRINGS = NO;
				SWIFT_UPCOMING_FEATURE_MEMBER_IMPORT_VISIBILITY = YES;
				SWIFT_VERSION = 5.0;
				TARGETED_DEVICE_FAMILY = "1,2";
				TEST_TARGET_NAME = Flowculator;
			};
			name = Debug;
		};
		50F04A712F484F8D005F4A71 /* Release */ = {
			isa = XCBuildConfiguration;
			buildSettings = {
				CODE_SIGN_STYLE = Automatic;
				CURRENT_PROJECT_VERSION = 1;
				DEVELOPMENT_TEAM = JGYRKNN2X5;
				GENERATE_INFOPLIST_FILE = YES;
				MARKETING_VERSION = 1.0;
				PRODUCT_BUNDLE_IDENTIFIER = com.xaverlutz.FlowculatorUITests;
				PRODUCT_NAME = "$(TARGET_NAME)";
				STRING_CATALOG_GENERATE_SYMBOLS = NO;
				SWIFT_APPROACHABLE_CONCURRENCY = YES;
				SWIFT_EMIT_LOC_STRINGS = NO;
				SWIFT_UPCOMING_FEATURE_MEMBER_IMPORT_VISIBILITY = YES;
				SWIFT_VERSION = 5.0;
				TARGETED_DEVICE_FAMILY = "1,2";
				TEST_TARGET_NAME = Flowculator;
			};
			name = Release;
		};
/* End XCBuildConfiguration section */

/* Begin XCConfigurationList section */
		50F04A392F484F89005F4A71 /* Build configuration list for PBXProject "Flowculator" */ = {
			isa = XCConfigurationList;
			buildConfigurations = (
				50F04A6A2F484F8D005F4A71 /* Debug */,
				50F04A6B2F484F8D005F4A71 /* Release */,
			);
			defaultConfigurationIsVisible = 0;
			defaultConfigurationName = Release;
		};
		50F04A672F484F8D005F4A71 /* Build configuration list for PBXNativeTarget "Flowculator" */ = {
			isa = XCConfigurationList;
			buildConfigurations = (
				50F04A682F484F8D005F4A71 /* Debug */,
				50F04A692F484F8D005F4A71 /* Release */,
			);
			defaultConfigurationIsVisible = 0;
			defaultConfigurationName = Release;
		};
		50F04A6C2F484F8D005F4A71 /* Build configuration list for PBXNativeTarget "FlowculatorTests" */ = {
			isa = XCConfigurationList;
			buildConfigurations = (
				50F04A6D2F484F8D005F4A71 /* Debug */,
				50F04A6E2F484F8D005F4A71 /* Release */,
			);
			defaultConfigurationIsVisible = 0;
			defaultConfigurationName = Release;
		};
		50F04A6F2F484F8D005F4A71 /* Build configuration list for PBXNativeTarget "FlowculatorUITests" */ = {
			isa = XCConfigurationList;
			buildConfigurations = (
				50F04A702F484F8D005F4A71 /* Debug */,
				50F04A712F484F8D005F4A71 /* Release */,
			);
			defaultConfigurationIsVisible = 0;
			defaultConfigurationName = Release;
		};
/* End XCConfigurationList section */

/* Begin XCRemoteSwiftPackageReference section */
		5043B48D2F4880820083416F /* XCRemoteSwiftPackageReference "SwiftLintPlugin" */ = {
			isa = XCRemoteSwiftPackageReference;
			repositoryURL = "https://github.com/lukepistrol/SwiftLintPlugin.git";
			requirement = {
				kind = upToNextMajorVersion;
				minimumVersion = 0.63.1;
			};
		};
		50F04A752F4850BD005F4A71 /* XCRemoteSwiftPackageReference "SnapKit" */ = {
			isa = XCRemoteSwiftPackageReference;
			repositoryURL = "https://github.com/SnapKit/SnapKit";
			requirement = {
				kind = upToNextMajorVersion;
				minimumVersion = 5.7.1;
			};
		};
/* End XCRemoteSwiftPackageReference section */

/* Begin XCSwiftPackageProductDependency section */
		5043B48E2F4880990083416F /* SwiftLint */ = {
			isa = XCSwiftPackageProductDependency;
			package = 5043B48D2F4880820083416F /* XCRemoteSwiftPackageReference "SwiftLintPlugin" */;
			productName = "plugin:SwiftLint";
		};
		50F04A762F4850BD005F4A71 /* SnapKit */ = {
			isa = XCSwiftPackageProductDependency;
			package = 50F04A752F4850BD005F4A71 /* XCRemoteSwiftPackageReference "SnapKit" */;
			productName = SnapKit;
		};
/* End XCSwiftPackageProductDependency section */
	};
	rootObject = 50F04A362F484F89005F4A71 /* Project object */;
}
